
Microsoft Visual Studio Solution File, Format Version 12.00
# Visual Studio Version 17
VisualStudioVersion = 17.9.34616.47
MinimumVisualStudioVersion = 10.0.40219.1
Project("{9A19103F-16F7-4668-BE54-9A1E7A4F7556}") = "UndergroundShop", "UndergroundShop\UndergroundShop.csproj", "{8DACFBB9-624E-4D06-87E7-32B1CFA554F7}"
EndProject
Project("{9A19103F-16F7-4668-BE54-9A1E7A4F7556}") = "UndergroundShop.Desktop", "UndergroundShop.Desktop\UndergroundShop.Desktop.csproj", "{A83D424C-356D-4CCF-B3F4-0ED632BB12E0}"
EndProject
Global
	GlobalSection(SolutionConfigurationPlatforms) = preSolution
		Debug|Any CPU = Debug|Any CPU
		Release|Any CPU = Release|Any CPU
	EndGlobalSection
	GlobalSection(ProjectConfigurationPlatforms) = postSolution
		{8DACFBB9-624E-4D06-87E7-32B1CFA554F7}.Debug|Any CPU.ActiveCfg = Debug|Any CPU
		{8DACFBB9-624E-4D06-87E7-32B1CFA554F7}.Debug|Any CPU.Build.0 = Debug|Any CPU
		{8DACFBB9-624E-4D06-87E7-32B1CFA554F7}.Release|Any CPU.ActiveCfg = Release|Any CPU
		{8DACFBB9-624E-4D06-87E7-32B1CFA554F7}.Release|Any CPU.Build.0 = Release|Any CPU
		{A83D424C-356D-4CCF-B3F4-0ED632BB12E0}.Debug|Any CPU.ActiveCfg = Debug|Any CPU
		{A83D424C-356D-4CCF-B3F4-0ED632BB12E0}.Debug|Any CPU.Build.0 = Debug|Any CPU
		{A83D424C-356D-4CCF-B3F4-0ED632BB12E0}.Release|Any CPU.ActiveCfg = Release|Any CPU
		{A83D424C-356D-4CCF-B3F4-0ED632BB12E0}.Release|Any CPU.Build.0 = Release|Any CPU
	EndGlobalSection
	GlobalSection(SolutionProperties) = preSolution
		HideSolutionNode = FALSE
	EndGlobalSection
	GlobalSection(ExtensibilityGlobals) = postSolution
		SolutionGuid = {C1ECAAE7-FE5C-41EC-9454-C6CD8A0EBFB9}
	EndGlobalSection
EndGlobal
